# This file is automatically @generated by Cargo.
# It is not intended for manual editing.
version = 3

[[package]]
name = "day-eight"
version = "0.1.0"

[[package]]
name = "day-eleven"
version = "0.1.0"

[[package]]
name = "day-fifteen"
version = "0.1.0"

[[package]]
name = "day-five"
version = "0.1.0"

[[package]]
name = "day-four"
version = "0.1.0"

[[package]]
name = "day-fourteen"
version = "0.1.0"

[[package]]
name = "day-nine"
version = "0.1.0"

[[package]]
name = "day-one"
version = "0.1.0"

[[package]]
name = "day-seven"
version = "0.1.0"

[[package]]
name = "day-six"
version = "0.1.0"

[[package]]
name = "day-sixteen"
version = "0.1.0"

[[package]]
name = "day-ten"
version = "0.1.0"

[[package]]
name = "day-thirteen"
version = "0.1.0"

[[package]]
name = "day-three"
version = "0.1.0"

[[package]]
name = "day-twelve"
version = "0.1.0"

[[package]]
name = "day-two"
version = "0.1.0"
